// !$*UTF8*$!
{
	archiveVersion = 1;
	classes = {
	};
	objectVersion = 48;
	objects = {

/* Begin PBXBuildFile section */
		6B6B0F821FAA8F6A0036757A /* GCDBlackBox.swift in Sources */ = {isa = PBXBuildFile; fileRef = 6B6B0F811FAA8F6A0036757A /* GCDBlackBox.swift */; };
		6B6B0F841FAA8F730036757A /* CoreDataStack.swift in Sources */ = {isa = PBXBuildFile; fileRef = 6B6B0F831FAA8F730036757A /* CoreDataStack.swift */; };
		6BE4B3901FA295A800662403 /* AppDelegate.swift in Sources */ = {isa = PBXBuildFile; fileRef = 6BE4B38F1FA295A800662403 /* AppDelegate.swift */; };
		6BE4B3921FA295A800662403 /* InitViewController.swift in Sources */ = {isa = PBXBuildFile; fileRef = 6BE4B3911FA295A800662403 /* InitViewController.swift */; };
		6BE4B3951FA295A800662403 /* Main.storyboard in Resources */ = {isa = PBXBuildFile; fileRef = 6BE4B3931FA295A800662403 /* Main.storyboard */; };
		6BE4B3971FA295A800662403 /* Assets.xcassets in Resources */ = {isa = PBXBuildFile; fileRef = 6BE4B3961FA295A800662403 /* Assets.xcassets */; };
		6BE4B39A1FA295A800662403 /* LaunchScreen.storyboard in Resources */ = {isa = PBXBuildFile; fileRef = 6BE4B3981FA295A800662403 /* LaunchScreen.storyboard */; };
		6BE4B3A51FA2C4CD00662403 /* InstagramConstant.swift in Sources */ = {isa = PBXBuildFile; fileRef = 6BE4B3A41FA2C4CD00662403 /* InstagramConstant.swift */; };
		6BE4B3A71FA2CC5100662403 /* InstagramClient.swift in Sources */ = {isa = PBXBuildFile; fileRef = 6BE4B3A61FA2CC5100662403 /* InstagramClient.swift */; };
		6BE4B3A91FA2CFB300662403 /* ClientUtil.swift in Sources */ = {isa = PBXBuildFile; fileRef = 6BE4B3A81FA2CFB300662403 /* ClientUtil.swift */; };
		6BE4B3AB1FA3EDBF00662403 /* InstagramLoginViewController.swift in Sources */ = {isa = PBXBuildFile; fileRef = 6BE4B3AA1FA3EDBF00662403 /* InstagramLoginViewController.swift */; };
		6BE4B3AD1FA4266700662403 /* MapViewController.swift in Sources */ = {isa = PBXBuildFile; fileRef = 6BE4B3AC1FA4266700662403 /* MapViewController.swift */; };
		6BE4B3AF1FA4292500662403 /* AboutViewController.swift in Sources */ = {isa = PBXBuildFile; fileRef = 6BE4B3AE1FA4292500662403 /* AboutViewController.swift */; };
		6BF7FBF11FAD369300C3CA41 /* Model.xcdatamodeld in Sources */ = {isa = PBXBuildFile; fileRef = 6BF7FBEF1FAD369300C3CA41 /* Model.xcdatamodeld */; };
		6BF7FBFF1FAD3D3000C3CA41 /* UserInfo+CoreDataClass.swift in Sources */ = {isa = PBXBuildFile; fileRef = 6BF7FBFD1FAD3D3000C3CA41 /* UserInfo+CoreDataClass.swift */; };
		6BF7FC001FAD3D3000C3CA41 /* UserInfo+CoreDataProperties.swift in Sources */ = {isa = PBXBuildFile; fileRef = 6BF7FBFE1FAD3D3000C3CA41 /* UserInfo+CoreDataProperties.swift */; };
/* End PBXBuildFile section */

/* Begin PBXFileReference section */
		6B6B0F811FAA8F6A0036757A /* GCDBlackBox.swift */ = {isa = PBXFileReference; fileEncoding = 4; lastKnownFileType = sourcecode.swift; path = GCDBlackBox.swift; sourceTree = "<group>"; };
		6B6B0F831FAA8F730036757A /* CoreDataStack.swift */ = {isa = PBXFileReference; fileEncoding = 4; lastKnownFileType = sourcecode.swift; path = CoreDataStack.swift; sourceTree = "<group>"; };
		6BE4B38C1FA295A800662403 /* ios-PhotoMap.app */ = {isa = PBXFileReference; explicitFileType = wrapper.application; includeInIndex = 0; path = "ios-PhotoMap.app"; sourceTree = BUILT_PRODUCTS_DIR; };
		6BE4B38F1FA295A800662403 /* AppDelegate.swift */ = {isa = PBXFileReference; lastKnownFileType = sourcecode.swift; path = AppDelegate.swift; sourceTree = "<group>"; };
		6BE4B3911FA295A800662403 /* InitViewController.swift */ = {isa = PBXFileReference; lastKnownFileType = sourcecode.swift; path = InitViewController.swift; sourceTree = "<group>"; };
		6BE4B3941FA295A800662403 /* Base */ = {isa = PBXFileReference; lastKnownFileType = file.storyboard; name = Base; path = Base.lproj/Main.storyboard; sourceTree = "<group>"; };
		6BE4B3961FA295A800662403 /* Assets.xcassets */ = {isa = PBXFileReference; lastKnownFileType = folder.assetcatalog; path = Assets.xcassets; sourceTree = "<group>"; };
		6BE4B3991FA295A800662403 /* Base */ = {isa = PBXFileReference; lastKnownFileType = file.storyboard; name = Base; path = Base.lproj/LaunchScreen.storyboard; sourceTree = "<group>"; };
		6BE4B39B1FA295A800662403 /* Info.plist */ = {isa = PBXFileReference; lastKnownFileType = text.plist.xml; path = Info.plist; sourceTree = "<group>"; };
		6BE4B3A41FA2C4CD00662403 /* InstagramConstant.swift */ = {isa = PBXFileReference; lastKnownFileType = sourcecode.swift; path = InstagramConstant.swift; sourceTree = "<group>"; };
		6BE4B3A61FA2CC5100662403 /* InstagramClient.swift */ = {isa = PBXFileReference; lastKnownFileType = sourcecode.swift; path = InstagramClient.swift; sourceTree = "<group>"; };
		6BE4B3A81FA2CFB300662403 /* ClientUtil.swift */ = {isa = PBXFileReference; lastKnownFileType = sourcecode.swift; path = ClientUtil.swift; sourceTree = "<group>"; };
		6BE4B3AA1FA3EDBF00662403 /* InstagramLoginViewController.swift */ = {isa = PBXFileReference; lastKnownFileType = sourcecode.swift; path = InstagramLoginViewController.swift; sourceTree = "<group>"; };
		6BE4B3AC1FA4266700662403 /* MapViewController.swift */ = {isa = PBXFileReference; lastKnownFileType = sourcecode.swift; path = MapViewController.swift; sourceTree = "<group>"; };
		6BE4B3AE1FA4292500662403 /* AboutViewController.swift */ = {isa = PBXFileReference; lastKnownFileType = sourcecode.swift; path = AboutViewController.swift; sourceTree = "<group>"; };
		6BF7FBF01FAD369300C3CA41 /* Model.xcdatamodel */ = {isa = PBXFileReference; lastKnownFileType = wrapper.xcdatamodel; path = Model.xcdatamodel; sourceTree = "<group>"; };
		6BF7FBF61FAD378100C3CA41 /* Model 2.xcdatamodel */ = {isa = PBXFileReference; lastKnownFileType = wrapper.xcdatamodel; path = "Model 2.xcdatamodel"; sourceTree = "<group>"; };
		6BF7FBFD1FAD3D3000C3CA41 /* UserInfo+CoreDataClass.swift */ = {isa = PBXFileReference; lastKnownFileType = sourcecode.swift; path = "UserInfo+CoreDataClass.swift"; sourceTree = "<group>"; };
		6BF7FBFE1FAD3D3000C3CA41 /* UserInfo+CoreDataProperties.swift */ = {isa = PBXFileReference; lastKnownFileType = sourcecode.swift; path = "UserInfo+CoreDataProperties.swift"; sourceTree = "<group>"; };
/* End PBXFileReference section */

/* Begin PBXFrameworksBuildPhase section */
		6BE4B3891FA295A800662403 /* Frameworks */ = {
			isa = PBXFrameworksBuildPhase;
			buildActionMask = 2147483647;
			files = (
			);
			runOnlyForDeploymentPostprocessing = 0;
		};
/* End PBXFrameworksBuildPhase section */

/* Begin PBXGroup section */
		6B6B0F7F1FAA8F3F0036757A /* Utility */ = {
			isa = PBXGroup;
			children = (
				6B6B0F811FAA8F6A0036757A /* GCDBlackBox.swift */,
			);
			path = Utility;
			sourceTree = "<group>";
		};
		6B6B0F801FAA8F530036757A /* CoreData */ = {
			isa = PBXGroup;
			children = (
				6BF7FBFD1FAD3D3000C3CA41 /* UserInfo+CoreDataClass.swift */,
				6BF7FBFE1FAD3D3000C3CA41 /* UserInfo+CoreDataProperties.swift */,
				6B6B0F831FAA8F730036757A /* CoreDataStack.swift */,
				6BF7FBEF1FAD369300C3CA41 /* Model.xcdatamodeld */,
			);
			path = CoreData;
			sourceTree = "<group>";
		};
		6BE4B3831FA295A800662403 = {
			isa = PBXGroup;
			children = (
				6BE4B38E1FA295A800662403 /* ios-PhotoMap */,
				6BE4B38D1FA295A800662403 /* Products */,
			);
			sourceTree = "<group>";
		};
		6BE4B38D1FA295A800662403 /* Products */ = {
			isa = PBXGroup;
			children = (
				6BE4B38C1FA295A800662403 /* ios-PhotoMap.app */,
			);
			name = Products;
			sourceTree = "<group>";
		};
		6BE4B38E1FA295A800662403 /* ios-PhotoMap */ = {
			isa = PBXGroup;
			children = (
				6BE4B38F1FA295A800662403 /* AppDelegate.swift */,
				6BE4B3931FA295A800662403 /* Main.storyboard */,
				6BE4B3961FA295A800662403 /* Assets.xcassets */,
				6BE4B3981FA295A800662403 /* LaunchScreen.storyboard */,
				6BE4B39B1FA295A800662403 /* Info.plist */,
				6BE4B3A21FA2C47400662403 /* Model */,
				6BE4B3A11FA2C44100662403 /* ViewController */,
				6B6B0F7F1FAA8F3F0036757A /* Utility */,
			);
			path = "ios-PhotoMap";
			sourceTree = "<group>";
		};
		6BE4B3A11FA2C44100662403 /* ViewController */ = {
			isa = PBXGroup;
			children = (
				6BE4B3911FA295A800662403 /* InitViewController.swift */,
				6BE4B3AA1FA3EDBF00662403 /* InstagramLoginViewController.swift */,
				6BE4B3AC1FA4266700662403 /* MapViewController.swift */,
				6BE4B3AE1FA4292500662403 /* AboutViewController.swift */,
			);
			path = ViewController;
			sourceTree = "<group>";
		};
		6BE4B3A21FA2C47400662403 /* Model */ = {
			isa = PBXGroup;
			children = (
				6B6B0F801FAA8F530036757A /* CoreData */,
				6BE4B3A31FA2C48D00662403 /* InstagramClient */,
			);
			path = Model;
			sourceTree = "<group>";
		};
		6BE4B3A31FA2C48D00662403 /* InstagramClient */ = {
			isa = PBXGroup;
			children = (
				6BE4B3A41FA2C4CD00662403 /* InstagramConstant.swift */,
				6BE4B3A61FA2CC5100662403 /* InstagramClient.swift */,
				6BE4B3A81FA2CFB300662403 /* ClientUtil.swift */,
			);
			path = InstagramClient;
			sourceTree = "<group>";
		};
/* End PBXGroup section */

/* Begin PBXNativeTarget section */
		6BE4B38B1FA295A800662403 /* ios-PhotoMap */ = {
			isa = PBXNativeTarget;
			buildConfigurationList = 6BE4B39E1FA295A800662403 /* Build configuration list for PBXNativeTarget "ios-PhotoMap" */;
			buildPhases = (
				6BE4B3881FA295A800662403 /* Sources */,
				6BE4B3891FA295A800662403 /* Frameworks */,
				6BE4B38A1FA295A800662403 /* Resources */,
			);
			buildRules = (
			);
			dependencies = (
			);
			name = "ios-PhotoMap";
			productName = "ios-PhotoMap";
			productReference = 6BE4B38C1FA295A800662403 /* ios-PhotoMap.app */;
			productType = "com.apple.product-type.application";
		};
/* End PBXNativeTarget section */

/* Begin PBXProject section */
		6BE4B3841FA295A800662403 /* Project object */ = {
			isa = PBXProject;
			attributes = {
				LastSwiftUpdateCheck = 0900;
				LastUpgradeCheck = 0900;
				ORGANIZATIONNAME = "Nicholas Sutanto";
				TargetAttributes = {
					6BE4B38B1FA295A800662403 = {
						CreatedOnToolsVersion = 9.0.1;
						ProvisioningStyle = Automatic;
					};
				};
			};
			buildConfigurationList = 6BE4B3871FA295A800662403 /* Build configuration list for PBXProject "ios-PhotoMap" */;
			compatibilityVersion = "Xcode 8.0";
			developmentRegion = en;
			hasScannedForEncodings = 0;
			knownRegions = (
				en,
				Base,
			);
			mainGroup = 6BE4B3831FA295A800662403;
			productRefGroup = 6BE4B38D1FA295A800662403 /* Products */;
			projectDirPath = "";
			projectRoot = "";
			targets = (
				6BE4B38B1FA295A800662403 /* ios-PhotoMap */,
			);
		};
/* End PBXProject section */

/* Begin PBXResourcesBuildPhase section */
		6BE4B38A1FA295A800662403 /* Resources */ = {
			isa = PBXResourcesBuildPhase;
			buildActionMask = 2147483647;
			files = (
				6BE4B39A1FA295A800662403 /* LaunchScreen.storyboard in Resources */,
				6BE4B3971FA295A800662403 /* Assets.xcassets in Resources */,
				6BE4B3951FA295A800662403 /* Main.storyboard in Resources */,
			);
			runOnlyForDeploymentPostprocessing = 0;
		};
/* End PBXResourcesBuildPhase section */

/* Begin PBXSourcesBuildPhase section */
		6BE4B3881FA295A800662403 /* Sources */ = {
			isa = PBXSourcesBuildPhase;
			buildActionMask = 2147483647;
			files = (
				6BE4B3A71FA2CC5100662403 /* InstagramClient.swift in Sources */,
				6BE4B3A51FA2C4CD00662403 /* InstagramConstant.swift in Sources */,
				6BF7FBFF1FAD3D3000C3CA41 /* UserInfo+CoreDataClass.swift in Sources */,
				6BE4B3A91FA2CFB300662403 /* ClientUtil.swift in Sources */,
				6BE4B3AB1FA3EDBF00662403 /* InstagramLoginViewController.swift in Sources */,
				6BE4B3921FA295A800662403 /* InitViewController.swift in Sources */,
				6B6B0F841FAA8F730036757A /* CoreDataStack.swift in Sources */,
				6BF7FC001FAD3D3000C3CA41 /* UserInfo+CoreDataProperties.swift in Sources */,
				6BE4B3901FA295A800662403 /* AppDelegate.swift in Sources */,
				6BE4B3AF1FA4292500662403 /* AboutViewController.swift in Sources */,
				6B6B0F821FAA8F6A0036757A /* GCDBlackBox.swift in Sources */,
				6BF7FBF11FAD369300C3CA41 /* Model.xcdatamodeld in Sources */,
				6BE4B3AD1FA4266700662403 /* MapViewController.swift in Sources */,
			);
			runOnlyForDeploymentPostprocessing = 0;
		};
/* End PBXSourcesBuildPhase section */

/* Begin PBXVariantGroup section */
		6BE4B3931FA295A800662403 /* Main.storyboard */ = {
			isa = PBXVariantGroup;
			children = (
				6BE4B3941FA295A800662403 /* Base */,
			);
			name = Main.storyboard;
			sourceTree = "<group>";
		};
		6BE4B3981FA295A800662403 /* LaunchScreen.storyboard */ = {
			isa = PBXVariantGroup;
			children = (
				6BE4B3991FA295A800662403 /* Base */,
			);
			name = LaunchScreen.storyboard;
			sourceTree = "<group>";
		};
/* End PBXVariantGroup section */

/* Begin XCBuildConfiguration section */
		6BE4B39C1FA295A800662403 /* Debug */ = {
			isa = XCBuildConfiguration;
			buildSettings = {
				ALWAYS_SEARCH_USER_PATHS = NO;
				CLANG_ANALYZER_NONNULL = YES;
				CLANG_ANALYZER_NUMBER_OBJECT_CONVERSION = YES_AGGRESSIVE;
				CLANG_CXX_LANGUAGE_STANDARD = "gnu++14";
				CLANG_CXX_LIBRARY = "libc++";
				CLANG_ENABLE_MODULES = YES;
				CLANG_ENABLE_OBJC_ARC = YES;
				CLANG_WARN_BLOCK_CAPTURE_AUTORELEASING = YES;
				CLANG_WARN_BOOL_CONVERSION = YES;
				CLANG_WARN_COMMA = YES;
				CLANG_WARN_CONSTANT_CONVERSION = YES;
				CLANG_WARN_DIRECT_OBJC_ISA_USAGE = YES_ERROR;
				CLANG_WARN_DOCUMENTATION_COMMENTS = YES;
				CLANG_WARN_EMPTY_BODY = YES;
				CLANG_WARN_ENUM_CONVERSION = YES;
				CLANG_WARN_INFINITE_RECURSION = YES;
				CLANG_WARN_INT_CONVERSION = YES;
				CLANG_WARN_NON_LITERAL_NULL_CONVERSION = YES;
				CLANG_WARN_OBJC_LITERAL_CONVERSION = YES;
				CLANG_WARN_OBJC_ROOT_CLASS = YES_ERROR;
				CLANG_WARN_RANGE_LOOP_ANALYSIS = YES;
				CLANG_WARN_STRICT_PROTOTYPES = YES;
				CLANG_WARN_SUSPICIOUS_MOVE = YES;
				CLANG_WARN_UNGUARDED_AVAILABILITY = YES_AGGRESSIVE;
				CLANG_WARN_UNREACHABLE_CODE = YES;
				CLANG_WARN__DUPLICATE_METHOD_MATCH = YES;
				CODE_SIGN_IDENTITY = "iPhone Developer";
				COPY_PHASE_STRIP = NO;
				DEBUG_INFORMATION_FORMAT = dwarf;
				ENABLE_STRICT_OBJC_MSGSEND = YES;
				ENABLE_TESTABILITY = YES;
				GCC_C_LANGUAGE_STANDARD = gnu11;
				GCC_DYNAMIC_NO_PIC = NO;
				GCC_NO_COMMON_BLOCKS = YES;
				GCC_OPTIMIZATION_LEVEL = 0;
				GCC_PREPROCESSOR_DEFINITIONS = (
					"DEBUG=1",
					"$(inherited)",
				);
				GCC_WARN_64_TO_32_BIT_CONVERSION = YES;
				GCC_WARN_ABOUT_RETURN_TYPE = YES_ERROR;
				GCC_WARN_UNDECLARED_SELECTOR = YES;
				GCC_WARN_UNINITIALIZED_AUTOS = YES_AGGRESSIVE;
				GCC_WARN_UNUSED_FUNCTION = YES;
				GCC_WARN_UNUSED_VARIABLE = YES;
				IPHONEOS_DEPLOYMENT_TARGET = 11.0;
				MTL_ENABLE_DEBUG_INFO = YES;
				ONLY_ACTIVE_ARCH = YES;
				SDKROOT = iphoneos;
				SWIFT_ACTIVE_COMPILATION_CONDITIONS = DEBUG;
				SWIFT_OPTIMIZATION_LEVEL = "-Onone";
			};
			name = Debug;
		};
		6BE4B39D1FA295A800662403 /* Release */ = {
			isa = XCBuildConfiguration;
			buildSettings = {
				ALWAYS_SEARCH_USER_PATHS = NO;
				CLANG_ANALYZER_NONNULL = YES;
				CLANG_ANALYZER_NUMBER_OBJECT_CONVERSION = YES_AGGRESSIVE;
				CLANG_CXX_LANGUAGE_STANDARD = "gnu++14";
				CLANG_CXX_LIBRARY = "libc++";
				CLANG_ENABLE_MODULES = YES;
				CLANG_ENABLE_OBJC_ARC = YES;
				CLANG_WARN_BLOCK_CAPTURE_AUTORELEASING = YES;
				CLANG_WARN_BOOL_CONVERSION = YES;
				CLANG_WARN_COMMA = YES;
				CLANG_WARN_CONSTANT_CONVERSION = YES;
				CLANG_WARN_DIRECT_OBJC_ISA_USAGE = YES_ERROR;
				CLANG_WARN_DOCUMENTATION_COMMENTS = YES;
				CLANG_WARN_EMPTY_BODY = YES;
				CLANG_WARN_ENUM_CONVERSION = YES;
				CLANG_WARN_INFINITE_RECURSION = YES;
				CLANG_WARN_INT_CONVERSION = YES;
				CLANG_WARN_NON_LITERAL_NULL_CONVERSION = YES;
				CLANG_WARN_OBJC_LITERAL_CONVERSION = YES;
				CLANG_WARN_OBJC_ROOT_CLASS = YES_ERROR;
				CLANG_WARN_RANGE_LOOP_ANALYSIS = YES;
				CLANG_WARN_STRICT_PROTOTYPES = YES;
				CLANG_WARN_SUSPICIOUS_MOVE = YES;
				CLANG_WARN_UNGUARDED_AVAILABILITY = YES_AGGRESSIVE;
				CLANG_WARN_UNREACHABLE_CODE = YES;
				CLANG_WARN__DUPLICATE_METHOD_MATCH = YES;
				CODE_SIGN_IDENTITY = "iPhone Developer";
				COPY_PHASE_STRIP = NO;
				DEBUG_INFORMATION_FORMAT = "dwarf-with-dsym";
				ENABLE_NS_ASSERTIONS = NO;
				ENABLE_STRICT_OBJC_MSGSEND = YES;
				GCC_C_LANGUAGE_STANDARD = gnu11;
				GCC_NO_COMMON_BLOCKS = YES;
				GCC_WARN_64_TO_32_BIT_CONVERSION = YES;
				GCC_WARN_ABOUT_RETURN_TYPE = YES_ERROR;
				GCC_WARN_UNDECLARED_SELECTOR = YES;
				GCC_WARN_UNINITIALIZED_AUTOS = YES_AGGRESSIVE;
				GCC_WARN_UNUSED_FUNCTION = YES;
				GCC_WARN_UNUSED_VARIABLE = YES;
				IPHONEOS_DEPLOYMENT_TARGET = 11.0;
				MTL_ENABLE_DEBUG_INFO = NO;
				SDKROOT = iphoneos;
				SWIFT_OPTIMIZATION_LEVEL = "-Owholemodule";
				VALIDATE_PRODUCT = YES;
			};
			name = Release;
		};
		6BE4B39F1FA295A800662403 /* Debug */ = {
			isa = XCBuildConfiguration;
			buildSettings = {
				ASSETCATALOG_COMPILER_APPICON_NAME = AppIcon;
				CODE_SIGN_STYLE = Automatic;
				DEVELOPMENT_TEAM = K82HW7D2BX;
				INFOPLIST_FILE = "ios-PhotoMap/Info.plist";
				LD_RUNPATH_SEARCH_PATHS = "$(inherited) @executable_path/Frameworks";
				PRODUCT_BUNDLE_IDENTIFIER = "nsutanto.ios-PhotoMap";
				PRODUCT_NAME = "$(TARGET_NAME)";
				SWIFT_VERSION = 4.0;
				TARGETED_DEVICE_FAMILY = "1,2";
			};
			name = Debug;
		};
		6BE4B3A01FA295A800662403 /* Release */ = {
			isa = XCBuildConfiguration;
			buildSettings = {
				ASSETCATALOG_COMPILER_APPICON_NAME = AppIcon;
				CODE_SIGN_STYLE = Automatic;
				DEVELOPMENT_TEAM = K82HW7D2BX;
				INFOPLIST_FILE = "ios-PhotoMap/Info.plist";
				LD_RUNPATH_SEARCH_PATHS = "$(inherited) @executable_path/Frameworks";
				PRODUCT_BUNDLE_IDENTIFIER = "nsutanto.ios-PhotoMap";
				PRODUCT_NAME = "$(TARGET_NAME)";
				SWIFT_VERSION = 4.0;
				TARGETED_DEVICE_FAMILY = "1,2";
			};
			name = Release;
		};
/* End XCBuildConfiguration section */

/* Begin XCConfigurationList section */
		6BE4B3871FA295A800662403 /* Build configuration list for PBXProject "ios-PhotoMap" */ = {
			isa = XCConfigurationList;
			buildConfigurations = (
				6BE4B39C1FA295A800662403 /* Debug */,
				6BE4B39D1FA295A800662403 /* Release */,
			);
			defaultConfigurationIsVisible = 0;
			defaultConfigurationName = Release;
		};
		6BE4B39E1FA295A800662403 /* Build configuration list for PBXNativeTarget "ios-PhotoMap" */ = {
			isa = XCConfigurationList;
			buildConfigurations = (
				6BE4B39F1FA295A800662403 /* Debug */,
				6BE4B3A01FA295A800662403 /* Release */,
			);
			defaultConfigurationIsVisible = 0;
			defaultConfigurationName = Release;
		};
/* End XCConfigurationList section */

/* Begin XCVersionGroup section */
		6BF7FBEF1FAD369300C3CA41 /* Model.xcdatamodeld */ = {
			isa = XCVersionGroup;
			children = (
				6BF7FBF61FAD378100C3CA41 /* Model 2.xcdatamodel */,
				6BF7FBF01FAD369300C3CA41 /* Model.xcdatamodel */,
			);
			currentVersion = 6BF7FBF61FAD378100C3CA41 /* Model 2.xcdatamodel */;
			path = Model.xcdatamodeld;
			sourceTree = "<group>";
			versionGroupType = wrapper.xcdatamodel;
		};
/* End XCVersionGroup section */
	};
	rootObject = 6BE4B3841FA295A800662403 /* Project object */;
}
